
Microsoft Visual Studio Solution File, Format Version 12.00
# Visual Studio Version 17
VisualStudioVersion = 17.3.32929.385
MinimumVisualStudioVersion = 10.0.40219.1
Project("{FAE04EC0-301F-11D3-BF4B-00C04F79EFBC}") = "pz4.", "..\pz4\pz4\pz4..csproj", "{B53CA966-C135-42DC-8769-4EA2CCC836AA}"
EndProject
Global
	GlobalSection(SolutionConfigurationPlatforms) = preSolution
		Debug|Any CPU = Debug|Any CPU
		Release|Any CPU = Release|Any CPU
	EndGlobalSection
	GlobalSection(ProjectConfigurationPlatforms) = postSolution
		{B53CA966-C135-42DC-8769-4EA2CCC836AA}.Debug|Any CPU.ActiveCfg = Debug|Any CPU
		{B53CA966-C135-42DC-8769-4EA2CCC836AA}.Debug|Any CPU.Build.0 = Debug|Any CPU
		{B53CA966-C135-42DC-8769-4EA2CCC836AA}.Release|Any CPU.ActiveCfg = Release|Any CPU
		{B53CA966-C135-42DC-8769-4EA2CCC836AA}.Release|Any CPU.Build.0 = Release|Any CPU
	EndGlobalSection
	GlobalSection(SolutionProperties) = preSolution
		HideSolutionNode = FALSE
	EndGlobalSection
	GlobalSection(ExtensibilityGlobals) = postSolution
		SolutionGuid = {E44D507A-3DBE-4F3E-84E1-38CC9C126E7B}
	EndGlobalSection
EndGlobal
